
Microsoft Visual Studio Solution File, Format Version 12.00
# Visual Studio Version 16
VisualStudioVersion = 16.0.31727.386
MinimumVisualStudioVersion = 10.0.40219.1
Project("{FAE04EC0-301F-11D3-BF4B-00C04F79EFBC}") = "hp1-vs2019-PullRequest", "hp1-vs2019-PullRequest.csproj", "{33989BE5-02A4-4AC7-9117-82CBC0130093}"
EndProject
Global
	GlobalSection(SolutionConfigurationPlatforms) = preSolution
		Debug|Any CPU = Debug|Any CPU
		Release|Any CPU = Release|Any CPU
	EndGlobalSection
	GlobalSection(ProjectConfigurationPlatforms) = postSolution
		{33989BE5-02A4-4AC7-9117-82CBC0130093}.Debug|Any CPU.ActiveCfg = Debug|Any CPU
		{33989BE5-02A4-4AC7-9117-82CBC0130093}.Debug|Any CPU.Build.0 = Debug|Any CPU
		{33989BE5-02A4-4AC7-9117-82CBC0130093}.Release|Any CPU.ActiveCfg = Release|Any CPU
		{33989BE5-02A4-4AC7-9117-82CBC0130093}.Release|Any CPU.Build.0 = Release|Any CPU
	EndGlobalSection
	GlobalSection(SolutionProperties) = preSolution
		HideSolutionNode = FALSE
	EndGlobalSection
	GlobalSection(ExtensibilityGlobals) = postSolution
		SolutionGuid = {661811A5-9AE6-4C00-BF32-D76DFF2D9884}
	EndGlobalSection
EndGlobal
